
Microsoft Visual Studio Solution File, Format Version 12.00
# Visual Studio 15
VisualStudioVersion = 15.0.28307.1500
MinimumVisualStudioVersion = 10.0.40219.1
Project("{8BC9CEB8-8B4A-11D0-8D11-00A0C91BC942}") = "Socket_Data", "Socket_Data\Socket_Data.vcxproj", "{5D916DBD-B1CF-40F7-8A10-36422AADA9AA}"
EndProject
Global
	GlobalSection(SolutionConfigurationPlatforms) = preSolution
		Debug|x64 = Debug|x64
		Debug|x86 = Debug|x86
		Release|x64 = Release|x64
		Release|x86 = Release|x86
	EndGlobalSection
	GlobalSection(ProjectConfigurationPlatforms) = postSolution
		{5D916DBD-B1CF-40F7-8A10-36422AADA9AA}.Debug|x64.ActiveCfg = Debug|x64
		{5D916DBD-B1CF-40F7-8A10-36422AADA9AA}.Debug|x64.Build.0 = Debug|x64
		{5D916DBD-B1CF-40F7-8A10-36422AADA9AA}.Debug|x86.ActiveCfg = Debug|Win32
		{5D916DBD-B1CF-40F7-8A10-36422AADA9AA}.Debug|x86.Build.0 = Debug|Win32
		{5D916DBD-B1CF-40F7-8A10-36422AADA9AA}.Release|x64.ActiveCfg = Release|x64
		{5D916DBD-B1CF-40F7-8A10-36422AADA9AA}.Release|x64.Build.0 = Release|x64
		{5D916DBD-B1CF-40F7-8A10-36422AADA9AA}.Release|x86.ActiveCfg = Release|Win32
		{5D916DBD-B1CF-40F7-8A10-36422AADA9AA}.Release|x86.Build.0 = Release|Win32
	EndGlobalSection
	GlobalSection(SolutionProperties) = preSolution
		HideSolutionNode = FALSE
	EndGlobalSection
	GlobalSection(ExtensibilityGlobals) = postSolution
		SolutionGuid = {2B1AE072-1615-4B83-AAEA-46AE3B44B8A0}
	EndGlobalSection
EndGlobal
